Microsoft Visual Studio Solution File, Format Version 12.00
# Visual Studio Version 17
VisualStudioVersion = 17.3.32901.215
MinimumVisualStudioVersion = 10.0.40219.1
Project("{2150E333-8FDC-42A3-9474-1A3956D46DE8}") = "Sample", "Sample", "{C1243850-59CA-4CD8-B73F-67DECE21F10D}"
EndProject
Project("{FAE04EC0-301F-11D3-BF4B-00C04F79EFBC}") = "SampleApp", "SampleApp\SampleApp.csproj", "{EE20BDAE-9779-49DC-B575-FAE2CE434211}"
EndProject
Project("{9A19103F-16F7-4668-BE54-9A1E7A4F7556}") = "MAUIPinView", "MAUIPinView\MAUIPinView.csproj", "{C6888460-951C-48CE-8063-FA238280C032}"
EndProject
Global
	GlobalSection(SolutionConfigurationPlatforms) = preSolution
		Debug|Any CPU = Debug|Any CPU
		Debug|ARM = Debug|ARM
		Debug|ARM64 = Debug|ARM64
		Debug|iPhone = Debug|iPhone
		Debug|iPhoneSimulator = Debug|iPhoneSimulator
		Debug|x64 = Debug|x64
		Debug|x86 = Debug|x86
		Release|Any CPU = Release|Any CPU
		Release|ARM = Release|ARM
		Release|ARM64 = Release|ARM64
		Release|iPhone = Release|iPhone
		Release|iPhoneSimulator = Release|iPhoneSimulator
		Release|x64 = Release|x64
		Release|x86 = Release|x86
	EndGlobalSection
	GlobalSection(ProjectConfigurationPlatforms) = postSolution
		{EE20BDAE-9779-49DC-B575-FAE2CE434211}.Debug|Any CPU.ActiveCfg = Debug|Any CPU
		{EE20BDAE-9779-49DC-B575-FAE2CE434211}.Debug|Any CPU.Build.0 = Debug|Any CPU
		{EE20BDAE-9779-49DC-B575-FAE2CE434211}.Debug|Any CPU.Deploy.0 = Debug|Any CPU
		{EE20BDAE-9779-49DC-B575-FAE2CE434211}.Debug|ARM.ActiveCfg = Debug|Any CPU
		{EE20BDAE-9779-49DC-B575-FAE2CE434211}.Debug|ARM.Build.0 = Debug|Any CPU
		{EE20BDAE-9779-49DC-B575-FAE2CE434211}.Debug|ARM.Deploy.0 = Debug|Any CPU
		{EE20BDAE-9779-49DC-B575-FAE2CE434211}.Debug|ARM64.ActiveCfg = Debug|Any CPU
		{EE20BDAE-9779-49DC-B575-FAE2CE434211}.Debug|ARM64.Build.0 = Debug|Any CPU
		{EE20BDAE-9779-49DC-B575-FAE2CE434211}.Debug|ARM64.Deploy.0 = Debug|Any CPU
		{EE20BDAE-9779-49DC-B575-FAE2CE434211}.Debug|iPhone.ActiveCfg = Debug|Any CPU
		{EE20BDAE-9779-49DC-B575-FAE2CE434211}.Debug|iPhone.Build.0 = Debug|Any CPU
		{EE20BDAE-9779-49DC-B575-FAE2CE434211}.Debug|iPhone.Deploy.0 = Debug|Any CPU
		{EE20BDAE-9779-49DC-B575-FAE2CE434211}.Debug|iPhoneSimulator.ActiveCfg = Debug|Any CPU
		{EE20BDAE-9779-49DC-B575-FAE2CE434211}.Debug|iPhoneSimulator.Build.0 = Debug|Any CPU
		{EE20BDAE-9779-49DC-B575-FAE2CE434211}.Debug|iPhoneSimulator.Deploy.0 = Debug|Any CPU
		{EE20BDAE-9779-49DC-B575-FAE2CE434211}.Debug|x64.ActiveCfg = Debug|Any CPU
		{EE20BDAE-9779-49DC-B575-FAE2CE434211}.Debug|x64.Build.0 = Debug|Any CPU
		{EE20BDAE-9779-49DC-B575-FAE2CE434211}.Debug|x64.Deploy.0 = Debug|Any CPU
		{EE20BDAE-9779-49DC-B575-FAE2CE434211}.Debug|x86.ActiveCfg = Debug|Any CPU
		{EE20BDAE-9779-49DC-B575-FAE2CE434211}.Debug|x86.Build.0 = Debug|Any CPU
		{EE20BDAE-9779-49DC-B575-FAE2CE434211}.Debug|x86.Deploy.0 = Debug|Any CPU
		{EE20BDAE-9779-49DC-B575-FAE2CE434211}.Release|Any CPU.ActiveCfg = Release|Any CPU
		{EE20BDAE-9779-49DC-B575-FAE2CE434211}.Release|Any CPU.Build.0 = Release|Any CPU
		{EE20BDAE-9779-49DC-B575-FAE2CE434211}.Release|Any CPU.Deploy.0 = Release|Any CPU
		{EE20BDAE-9779-49DC-B575-FAE2CE434211}.Release|ARM.ActiveCfg = Release|Any CPU
		{EE20BDAE-9779-49DC-B575-FAE2CE434211}.Release|ARM.Build.0 = Release|Any CPU
		{EE20BDAE-9779-49DC-B575-FAE2CE434211}.Release|ARM.Deploy.0 = Release|Any CPU
		{EE20BDAE-9779-49DC-B575-FAE2CE434211}.Release|ARM64.ActiveCfg = Release|Any CPU
		{EE20BDAE-9779-49DC-B575-FAE2CE434211}.Release|ARM64.Build.0 = Release|Any CPU
		{EE20BDAE-9779-49DC-B575-FAE2CE434211}.Release|ARM64.Deploy.0 = Release|Any CPU
		{EE20BDAE-9779-49DC-B575-FAE2CE434211}.Release|iPhone.ActiveCfg = Release|Any CPU
		{EE20BDAE-9779-49DC-B575-FAE2CE434211}.Release|iPhone.Build.0 = Release|Any CPU
		{EE20BDAE-9779-49DC-B575-FAE2CE434211}.Release|iPhone.Deploy.0 = Release|Any CPU
		{EE20BDAE-9779-49DC-B575-FAE2CE434211}.Release|iPhoneSimulator.ActiveCfg = Release|Any CPU
		{EE20BDAE-9779-49DC-B575-FAE2CE434211}.Release|iPhoneSimulator.Build.0 = Release|Any CPU
		{EE20BDAE-9779-49DC-B575-FAE2CE434211}.Release|iPhoneSimulator.Deploy.0 = Release|Any CPU
		{EE20BDAE-9779-49DC-B575-FAE2CE434211}.Release|x64.ActiveCfg = Release|Any CPU
		{EE20BDAE-9779-49DC-B575-FAE2CE434211}.Release|x64.Build.0 = Release|Any CPU
		{EE20BDAE-9779-49DC-B575-FAE2CE434211}.Release|x64.Deploy.0 = Release|Any CPU
		{EE20BDAE-9779-49DC-B575-FAE2CE434211}.Release|x86.ActiveCfg = Release|Any CPU
		{EE20BDAE-9779-49DC-B575-FAE2CE434211}.Release|x86.Build.0 = Release|Any CPU
		{EE20BDAE-9779-49DC-B575-FAE2CE434211}.Release|x86.Deploy.0 = Release|Any CPU
		{C6888460-951C-48CE-8063-FA238280C032}.Debug|Any CPU.ActiveCfg = Debug|Any CPU
		{C6888460-951C-48CE-8063-FA238280C032}.Debug|Any CPU.Build.0 = Debug|Any CPU
		{C6888460-951C-48CE-8063-FA238280C032}.Debug|ARM.ActiveCfg = Debug|Any CPU
		{C6888460-951C-48CE-8063-FA238280C032}.Debug|ARM.Build.0 = Debug|Any CPU
		{C6888460-951C-48CE-8063-FA238280C032}.Debug|ARM64.ActiveCfg = Debug|Any CPU
		{C6888460-951C-48CE-8063-FA238280C032}.Debug|ARM64.Build.0 = Debug|Any CPU
		{C6888460-951C-48CE-8063-FA238280C032}.Debug|iPhone.ActiveCfg = Debug|Any CPU
		{C6888460-951C-48CE-8063-FA238280C032}.Debug|iPhone.Build.0 = Debug|Any CPU
		{C6888460-951C-48CE-8063-FA238280C032}.Debug|iPhoneSimulator.ActiveCfg = Debug|Any CPU
		{C6888460-951C-48CE-8063-FA238280C032}.Debug|iPhoneSimulator.Build.0 = Debug|Any CPU
		{C6888460-951C-48CE-8063-FA238280C032}.Debug|x64.ActiveCfg = Debug|Any CPU
		{C6888460-951C-48CE-8063-FA238280C032}.Debug|x64.Build.0 = Debug|Any CPU
		{C6888460-951C-48CE-8063-FA238280C032}.Debug|x86.ActiveCfg = Debug|Any CPU
		{C6888460-951C-48CE-8063-FA238280C032}.Debug|x86.Build.0 = Debug|Any CPU
		{C6888460-951C-48CE-8063-FA238280C032}.Release|Any CPU.ActiveCfg = Release|Any CPU
		{C6888460-951C-48CE-8063-FA238280C032}.Release|Any CPU.Build.0 = Release|Any CPU
		{C6888460-951C-48CE-8063-FA238280C032}.Release|ARM.ActiveCfg = Release|Any CPU
		{C6888460-951C-48CE-8063-FA238280C032}.Release|ARM.Build.0 = Release|Any CPU
		{C6888460-951C-48CE-8063-FA238280C032}.Release|ARM64.ActiveCfg = Release|Any CPU
		{C6888460-951C-48CE-8063-FA238280C032}.Release|ARM64.Build.0 = Release|Any CPU
		{C6888460-951C-48CE-8063-FA238280C032}.Release|iPhone.ActiveCfg = Release|Any CPU
		{C6888460-951C-48CE-8063-FA238280C032}.Release|iPhone.Build.0 = Release|Any CPU
		{C6888460-951C-48CE-8063-FA238280C032}.Release|iPhoneSimulator.ActiveCfg = Release|Any CPU
		{C6888460-951C-48CE-8063-FA238280C032}.Release|iPhoneSimulator.Build.0 = Release|Any CPU
		{C6888460-951C-48CE-8063-FA238280C032}.Release|x64.ActiveCfg = Release|Any CPU
		{C6888460-951C-48CE-8063-FA238280C032}.Release|x64.Build.0 = Release|Any CPU
		{C6888460-951C-48CE-8063-FA238280C032}.Release|x86.ActiveCfg = Release|Any CPU
		{C6888460-951C-48CE-8063-FA238280C032}.Release|x86.Build.0 = Release|Any CPU
	EndGlobalSection
	GlobalSection(SolutionProperties) = preSolution
		HideSolutionNode = FALSE
	EndGlobalSection
	GlobalSection(NestedProjects) = preSolution
		{EE20BDAE-9779-49DC-B575-FAE2CE434211} = {C1243850-59CA-4CD8-B73F-67DECE21F10D}
	EndGlobalSection
	GlobalSection(ExtensibilityGlobals) = postSolution
		SolutionGuid = {ABED16F2-32C5-48F1-B603-805F14EFAAE8}
	EndGlobalSection
EndGlobal
