Microsoft Visual Studio Solution File, Format Version 12.00
# Visual Studio Version 16
VisualStudioVersion = 16.0.30002.166
MinimumVisualStudioVersion = 10.0.40219.1
Project("{9A19103F-16F7-4668-BE54-9A1E7A4F7556}") = "XFPINView", "XFPINView\XFPINView.csproj", "{47685D55-A0F8-4945-9ADF-9AC1BB591516}"
EndProject
Project("{2150E333-8FDC-42A3-9474-1A3956D46DE8}") = "Sample", "Sample", "{C1243850-59CA-4CD8-B73F-67DECE21F10D}"
EndProject
Project("{FAE04EC0-301F-11D3-BF4B-00C04F79EFBC}") = "XFPINLoginSample.iOS", "Sample\XFPINLoginSample.iOS\XFPINLoginSample.iOS.csproj", "{D6BD36AC-5908-43E5-9199-DD662FF3D717}"
EndProject
Project("{FAE04EC0-301F-11D3-BF4B-00C04F79EFBC}") = "XFPINLoginSample.Android", "Sample\XFPINLoginSample.Android\XFPINLoginSample.Android.csproj", "{59B57E59-5A34-44F2-8209-EC49D89EB22A}"
EndProject
Project("{9A19103F-16F7-4668-BE54-9A1E7A4F7556}") = "XFPINLoginSample", "Sample\XFPINLoginSample\XFPINLoginSample.csproj", "{797D8E4C-09F0-4EE4-A043-98341F5FD6B8}"
EndProject
Project("{FAE04EC0-301F-11D3-BF4B-00C04F79EFBC}") = "XFPINLoginSample.UWP", "Sample\XFPINLoginSample.UWP\XFPINLoginSample.UWP.csproj", "{5FA3ED90-8193-47CC-ABC1-488638E62658}"
EndProject
Global
	GlobalSection(SolutionConfigurationPlatforms) = preSolution
		Debug|Any CPU = Debug|Any CPU
		Debug|ARM = Debug|ARM
		Debug|ARM64 = Debug|ARM64
		Debug|iPhone = Debug|iPhone
		Debug|iPhoneSimulator = Debug|iPhoneSimulator
		Debug|x64 = Debug|x64
		Debug|x86 = Debug|x86
		Release|Any CPU = Release|Any CPU
		Release|ARM = Release|ARM
		Release|ARM64 = Release|ARM64
		Release|iPhone = Release|iPhone
		Release|iPhoneSimulator = Release|iPhoneSimulator
		Release|x64 = Release|x64
		Release|x86 = Release|x86
	EndGlobalSection
	GlobalSection(ProjectConfigurationPlatforms) = postSolution
		{47685D55-A0F8-4945-9ADF-9AC1BB591516}.Debug|Any CPU.ActiveCfg = Debug|Any CPU
		{47685D55-A0F8-4945-9ADF-9AC1BB591516}.Debug|Any CPU.Build.0 = Debug|Any CPU
		{47685D55-A0F8-4945-9ADF-9AC1BB591516}.Debug|ARM.ActiveCfg = Debug|Any CPU
		{47685D55-A0F8-4945-9ADF-9AC1BB591516}.Debug|ARM.Build.0 = Debug|Any CPU
		{47685D55-A0F8-4945-9ADF-9AC1BB591516}.Debug|ARM64.ActiveCfg = Debug|Any CPU
		{47685D55-A0F8-4945-9ADF-9AC1BB591516}.Debug|ARM64.Build.0 = Debug|Any CPU
		{47685D55-A0F8-4945-9ADF-9AC1BB591516}.Debug|iPhone.ActiveCfg = Debug|Any CPU
		{47685D55-A0F8-4945-9ADF-9AC1BB591516}.Debug|iPhone.Build.0 = Debug|Any CPU
		{47685D55-A0F8-4945-9ADF-9AC1BB591516}.Debug|iPhoneSimulator.ActiveCfg = Debug|Any CPU
		{47685D55-A0F8-4945-9ADF-9AC1BB591516}.Debug|iPhoneSimulator.Build.0 = Debug|Any CPU
		{47685D55-A0F8-4945-9ADF-9AC1BB591516}.Debug|x64.ActiveCfg = Debug|Any CPU
		{47685D55-A0F8-4945-9ADF-9AC1BB591516}.Debug|x64.Build.0 = Debug|Any CPU
		{47685D55-A0F8-4945-9ADF-9AC1BB591516}.Debug|x86.ActiveCfg = Debug|Any CPU
		{47685D55-A0F8-4945-9ADF-9AC1BB591516}.Debug|x86.Build.0 = Debug|Any CPU
		{47685D55-A0F8-4945-9ADF-9AC1BB591516}.Release|Any CPU.ActiveCfg = Release|Any CPU
		{47685D55-A0F8-4945-9ADF-9AC1BB591516}.Release|Any CPU.Build.0 = Release|Any CPU
		{47685D55-A0F8-4945-9ADF-9AC1BB591516}.Release|ARM.ActiveCfg = Release|Any CPU
		{47685D55-A0F8-4945-9ADF-9AC1BB591516}.Release|ARM.Build.0 = Release|Any CPU
		{47685D55-A0F8-4945-9ADF-9AC1BB591516}.Release|ARM64.ActiveCfg = Release|Any CPU
		{47685D55-A0F8-4945-9ADF-9AC1BB591516}.Release|ARM64.Build.0 = Release|Any CPU
		{47685D55-A0F8-4945-9ADF-9AC1BB591516}.Release|iPhone.ActiveCfg = Release|Any CPU
		{47685D55-A0F8-4945-9ADF-9AC1BB591516}.Release|iPhone.Build.0 = Release|Any CPU
		{47685D55-A0F8-4945-9ADF-9AC1BB591516}.Release|iPhoneSimulator.ActiveCfg = Release|Any CPU
		{47685D55-A0F8-4945-9ADF-9AC1BB591516}.Release|iPhoneSimulator.Build.0 = Release|Any CPU
		{47685D55-A0F8-4945-9ADF-9AC1BB591516}.Release|x64.ActiveCfg = Release|Any CPU
		{47685D55-A0F8-4945-9ADF-9AC1BB591516}.Release|x64.Build.0 = Release|Any CPU
		{47685D55-A0F8-4945-9ADF-9AC1BB591516}.Release|x86.ActiveCfg = Release|Any CPU
		{47685D55-A0F8-4945-9ADF-9AC1BB591516}.Release|x86.Build.0 = Release|Any CPU
		{D6BD36AC-5908-43E5-9199-DD662FF3D717}.Debug|Any CPU.ActiveCfg = Debug|iPhoneSimulator
		{D6BD36AC-5908-43E5-9199-DD662FF3D717}.Debug|Any CPU.Build.0 = Debug|iPhoneSimulator
		{D6BD36AC-5908-43E5-9199-DD662FF3D717}.Debug|ARM.ActiveCfg = Debug|iPhone
		{D6BD36AC-5908-43E5-9199-DD662FF3D717}.Debug|ARM64.ActiveCfg = Debug|iPhone
		{D6BD36AC-5908-43E5-9199-DD662FF3D717}.Debug|iPhone.ActiveCfg = Debug|iPhone
		{D6BD36AC-5908-43E5-9199-DD662FF3D717}.Debug|iPhone.Build.0 = Debug|iPhone
		{D6BD36AC-5908-43E5-9199-DD662FF3D717}.Debug|iPhoneSimulator.ActiveCfg = Debug|iPhoneSimulator
		{D6BD36AC-5908-43E5-9199-DD662FF3D717}.Debug|iPhoneSimulator.Build.0 = Debug|iPhoneSimulator
		{D6BD36AC-5908-43E5-9199-DD662FF3D717}.Debug|x64.ActiveCfg = Debug|iPhone
		{D6BD36AC-5908-43E5-9199-DD662FF3D717}.Debug|x86.ActiveCfg = Debug|iPhone
		{D6BD36AC-5908-43E5-9199-DD662FF3D717}.Release|Any CPU.ActiveCfg = Release|iPhoneSimulator
		{D6BD36AC-5908-43E5-9199-DD662FF3D717}.Release|Any CPU.Build.0 = Release|iPhoneSimulator
		{D6BD36AC-5908-43E5-9199-DD662FF3D717}.Release|ARM.ActiveCfg = Release|iPhone
		{D6BD36AC-5908-43E5-9199-DD662FF3D717}.Release|ARM64.ActiveCfg = Release|iPhone
		{D6BD36AC-5908-43E5-9199-DD662FF3D717}.Release|iPhone.ActiveCfg = Release|iPhone
		{D6BD36AC-5908-43E5-9199-DD662FF3D717}.Release|iPhone.Build.0 = Release|iPhone
		{D6BD36AC-5908-43E5-9199-DD662FF3D717}.Release|iPhoneSimulator.ActiveCfg = Release|iPhoneSimulator
		{D6BD36AC-5908-43E5-9199-DD662FF3D717}.Release|iPhoneSimulator.Build.0 = Release|iPhoneSimulator
		{D6BD36AC-5908-43E5-9199-DD662FF3D717}.Release|x64.ActiveCfg = Release|iPhone
		{D6BD36AC-5908-43E5-9199-DD662FF3D717}.Release|x86.ActiveCfg = Release|iPhone
		{59B57E59-5A34-44F2-8209-EC49D89EB22A}.Debug|Any CPU.ActiveCfg = Debug|Any CPU
		{59B57E59-5A34-44F2-8209-EC49D89EB22A}.Debug|Any CPU.Build.0 = Debug|Any CPU
		{59B57E59-5A34-44F2-8209-EC49D89EB22A}.Debug|ARM.ActiveCfg = Debug|Any CPU
		{59B57E59-5A34-44F2-8209-EC49D89EB22A}.Debug|ARM.Build.0 = Debug|Any CPU
		{59B57E59-5A34-44F2-8209-EC49D89EB22A}.Debug|ARM.Deploy.0 = Debug|Any CPU
		{59B57E59-5A34-44F2-8209-EC49D89EB22A}.Debug|ARM64.ActiveCfg = Debug|Any CPU
		{59B57E59-5A34-44F2-8209-EC49D89EB22A}.Debug|ARM64.Build.0 = Debug|Any CPU
		{59B57E59-5A34-44F2-8209-EC49D89EB22A}.Debug|ARM64.Deploy.0 = Debug|Any CPU
		{59B57E59-5A34-44F2-8209-EC49D89EB22A}.Debug|iPhone.ActiveCfg = Debug|Any CPU
		{59B57E59-5A34-44F2-8209-EC49D89EB22A}.Debug|iPhone.Build.0 = Debug|Any CPU
		{59B57E59-5A34-44F2-8209-EC49D89EB22A}.Debug|iPhoneSimulator.ActiveCfg = Debug|Any CPU
		{59B57E59-5A34-44F2-8209-EC49D89EB22A}.Debug|iPhoneSimulator.Build.0 = Debug|Any CPU
		{59B57E59-5A34-44F2-8209-EC49D89EB22A}.Debug|x64.ActiveCfg = Debug|Any CPU
		{59B57E59-5A34-44F2-8209-EC49D89EB22A}.Debug|x64.Build.0 = Debug|Any CPU
		{59B57E59-5A34-44F2-8209-EC49D89EB22A}.Debug|x64.Deploy.0 = Debug|Any CPU
		{59B57E59-5A34-44F2-8209-EC49D89EB22A}.Debug|x86.ActiveCfg = Debug|Any CPU
		{59B57E59-5A34-44F2-8209-EC49D89EB22A}.Debug|x86.Build.0 = Debug|Any CPU
		{59B57E59-5A34-44F2-8209-EC49D89EB22A}.Debug|x86.Deploy.0 = Debug|Any CPU
		{59B57E59-5A34-44F2-8209-EC49D89EB22A}.Release|Any CPU.ActiveCfg = Release|Any CPU
		{59B57E59-5A34-44F2-8209-EC49D89EB22A}.Release|Any CPU.Build.0 = Release|Any CPU
		{59B57E59-5A34-44F2-8209-EC49D89EB22A}.Release|ARM.ActiveCfg = Release|Any CPU
		{59B57E59-5A34-44F2-8209-EC49D89EB22A}.Release|ARM.Build.0 = Release|Any CPU
		{59B57E59-5A34-44F2-8209-EC49D89EB22A}.Release|ARM.Deploy.0 = Release|Any CPU
		{59B57E59-5A34-44F2-8209-EC49D89EB22A}.Release|ARM64.ActiveCfg = Release|Any CPU
		{59B57E59-5A34-44F2-8209-EC49D89EB22A}.Release|ARM64.Build.0 = Release|Any CPU
		{59B57E59-5A34-44F2-8209-EC49D89EB22A}.Release|ARM64.Deploy.0 = Release|Any CPU
		{59B57E59-5A34-44F2-8209-EC49D89EB22A}.Release|iPhone.ActiveCfg = Release|Any CPU
		{59B57E59-5A34-44F2-8209-EC49D89EB22A}.Release|iPhone.Build.0 = Release|Any CPU
		{59B57E59-5A34-44F2-8209-EC49D89EB22A}.Release|iPhoneSimulator.ActiveCfg = Release|Any CPU
		{59B57E59-5A34-44F2-8209-EC49D89EB22A}.Release|iPhoneSimulator.Build.0 = Release|Any CPU
		{59B57E59-5A34-44F2-8209-EC49D89EB22A}.Release|x64.ActiveCfg = Release|Any CPU
		{59B57E59-5A34-44F2-8209-EC49D89EB22A}.Release|x64.Build.0 = Release|Any CPU
		{59B57E59-5A34-44F2-8209-EC49D89EB22A}.Release|x64.Deploy.0 = Release|Any CPU
		{59B57E59-5A34-44F2-8209-EC49D89EB22A}.Release|x86.ActiveCfg = Release|Any CPU
		{59B57E59-5A34-44F2-8209-EC49D89EB22A}.Release|x86.Build.0 = Release|Any CPU
		{59B57E59-5A34-44F2-8209-EC49D89EB22A}.Release|x86.Deploy.0 = Release|Any CPU
		{797D8E4C-09F0-4EE4-A043-98341F5FD6B8}.Debug|Any CPU.ActiveCfg = Debug|Any CPU
		{797D8E4C-09F0-4EE4-A043-98341F5FD6B8}.Debug|Any CPU.Build.0 = Debug|Any CPU
		{797D8E4C-09F0-4EE4-A043-98341F5FD6B8}.Debug|ARM.ActiveCfg = Debug|Any CPU
		{797D8E4C-09F0-4EE4-A043-98341F5FD6B8}.Debug|ARM.Build.0 = Debug|Any CPU
		{797D8E4C-09F0-4EE4-A043-98341F5FD6B8}.Debug|ARM64.ActiveCfg = Debug|Any CPU
		{797D8E4C-09F0-4EE4-A043-98341F5FD6B8}.Debug|ARM64.Build.0 = Debug|Any CPU
		{797D8E4C-09F0-4EE4-A043-98341F5FD6B8}.Debug|iPhone.ActiveCfg = Debug|Any CPU
		{797D8E4C-09F0-4EE4-A043-98341F5FD6B8}.Debug|iPhone.Build.0 = Debug|Any CPU
		{797D8E4C-09F0-4EE4-A043-98341F5FD6B8}.Debug|iPhoneSimulator.ActiveCfg = Debug|Any CPU
		{797D8E4C-09F0-4EE4-A043-98341F5FD6B8}.Debug|iPhoneSimulator.Build.0 = Debug|Any CPU
		{797D8E4C-09F0-4EE4-A043-98341F5FD6B8}.Debug|x64.ActiveCfg = Debug|Any CPU
		{797D8E4C-09F0-4EE4-A043-98341F5FD6B8}.Debug|x64.Build.0 = Debug|Any CPU
		{797D8E4C-09F0-4EE4-A043-98341F5FD6B8}.Debug|x86.ActiveCfg = Debug|Any CPU
		{797D8E4C-09F0-4EE4-A043-98341F5FD6B8}.Debug|x86.Build.0 = Debug|Any CPU
		{797D8E4C-09F0-4EE4-A043-98341F5FD6B8}.Release|Any CPU.ActiveCfg = Release|Any CPU
		{797D8E4C-09F0-4EE4-A043-98341F5FD6B8}.Release|Any CPU.Build.0 = Release|Any CPU
		{797D8E4C-09F0-4EE4-A043-98341F5FD6B8}.Release|ARM.ActiveCfg = Release|Any CPU
		{797D8E4C-09F0-4EE4-A043-98341F5FD6B8}.Release|ARM.Build.0 = Release|Any CPU
		{797D8E4C-09F0-4EE4-A043-98341F5FD6B8}.Release|ARM64.ActiveCfg = Release|Any CPU
		{797D8E4C-09F0-4EE4-A043-98341F5FD6B8}.Release|ARM64.Build.0 = Release|Any CPU
		{797D8E4C-09F0-4EE4-A043-98341F5FD6B8}.Release|iPhone.ActiveCfg = Release|Any CPU
		{797D8E4C-09F0-4EE4-A043-98341F5FD6B8}.Release|iPhone.Build.0 = Release|Any CPU
		{797D8E4C-09F0-4EE4-A043-98341F5FD6B8}.Release|iPhoneSimulator.ActiveCfg = Release|Any CPU
		{797D8E4C-09F0-4EE4-A043-98341F5FD6B8}.Release|iPhoneSimulator.Build.0 = Release|Any CPU
		{797D8E4C-09F0-4EE4-A043-98341F5FD6B8}.Release|x64.ActiveCfg = Release|Any CPU
		{797D8E4C-09F0-4EE4-A043-98341F5FD6B8}.Release|x64.Build.0 = Release|Any CPU
		{797D8E4C-09F0-4EE4-A043-98341F5FD6B8}.Release|x86.ActiveCfg = Release|Any CPU
		{797D8E4C-09F0-4EE4-A043-98341F5FD6B8}.Release|x86.Build.0 = Release|Any CPU
		{5FA3ED90-8193-47CC-ABC1-488638E62658}.Debug|Any CPU.ActiveCfg = Debug|x86
		{5FA3ED90-8193-47CC-ABC1-488638E62658}.Debug|ARM.ActiveCfg = Debug|ARM
		{5FA3ED90-8193-47CC-ABC1-488638E62658}.Debug|ARM.Build.0 = Debug|ARM
		{5FA3ED90-8193-47CC-ABC1-488638E62658}.Debug|ARM.Deploy.0 = Debug|ARM
		{5FA3ED90-8193-47CC-ABC1-488638E62658}.Debug|ARM64.ActiveCfg = Debug|x86
		{5FA3ED90-8193-47CC-ABC1-488638E62658}.Debug|iPhone.ActiveCfg = Debug|x86
		{5FA3ED90-8193-47CC-ABC1-488638E62658}.Debug|iPhoneSimulator.ActiveCfg = Debug|x86
		{5FA3ED90-8193-47CC-ABC1-488638E62658}.Debug|x64.ActiveCfg = Debug|x64
		{5FA3ED90-8193-47CC-ABC1-488638E62658}.Debug|x64.Build.0 = Debug|x64
		{5FA3ED90-8193-47CC-ABC1-488638E62658}.Debug|x64.Deploy.0 = Debug|x64
		{5FA3ED90-8193-47CC-ABC1-488638E62658}.Debug|x86.ActiveCfg = Debug|x86
		{5FA3ED90-8193-47CC-ABC1-488638E62658}.Debug|x86.Build.0 = Debug|x86
		{5FA3ED90-8193-47CC-ABC1-488638E62658}.Debug|x86.Deploy.0 = Debug|x86
		{5FA3ED90-8193-47CC-ABC1-488638E62658}.Release|Any CPU.ActiveCfg = Release|x86
		{5FA3ED90-8193-47CC-ABC1-488638E62658}.Release|ARM.ActiveCfg = Release|ARM
		{5FA3ED90-8193-47CC-ABC1-488638E62658}.Release|ARM.Build.0 = Release|ARM
		{5FA3ED90-8193-47CC-ABC1-488638E62658}.Release|ARM.Deploy.0 = Release|ARM
		{5FA3ED90-8193-47CC-ABC1-488638E62658}.Release|ARM64.ActiveCfg = Release|x86
		{5FA3ED90-8193-47CC-ABC1-488638E62658}.Release|iPhone.ActiveCfg = Release|x86
		{5FA3ED90-8193-47CC-ABC1-488638E62658}.Release|iPhoneSimulator.ActiveCfg = Release|x86
		{5FA3ED90-8193-47CC-ABC1-488638E62658}.Release|x64.ActiveCfg = Release|x64
		{5FA3ED90-8193-47CC-ABC1-488638E62658}.Release|x64.Build.0 = Release|x64
		{5FA3ED90-8193-47CC-ABC1-488638E62658}.Release|x64.Deploy.0 = Release|x64
		{5FA3ED90-8193-47CC-ABC1-488638E62658}.Release|x86.ActiveCfg = Release|x86
		{5FA3ED90-8193-47CC-ABC1-488638E62658}.Release|x86.Build.0 = Release|x86
		{5FA3ED90-8193-47CC-ABC1-488638E62658}.Release|x86.Deploy.0 = Release|x86
	EndGlobalSection
	GlobalSection(SolutionProperties) = preSolution
		HideSolutionNode = FALSE
	EndGlobalSection
	GlobalSection(NestedProjects) = preSolution
		{D6BD36AC-5908-43E5-9199-DD662FF3D717} = {C1243850-59CA-4CD8-B73F-67DECE21F10D}
		{59B57E59-5A34-44F2-8209-EC49D89EB22A} = {C1243850-59CA-4CD8-B73F-67DECE21F10D}
		{797D8E4C-09F0-4EE4-A043-98341F5FD6B8} = {C1243850-59CA-4CD8-B73F-67DECE21F10D}
		{5FA3ED90-8193-47CC-ABC1-488638E62658} = {C1243850-59CA-4CD8-B73F-67DECE21F10D}
	EndGlobalSection
	GlobalSection(ExtensibilityGlobals) = postSolution
		SolutionGuid = {ABED16F2-32C5-48F1-B603-805F14EFAAE8}
	EndGlobalSection
EndGlobal
