
Microsoft Visual Studio Solution File, Format Version 12.00
# Visual Studio Version 17
VisualStudioVersion = 17.3.32901.215
MinimumVisualStudioVersion = 10.0.40219.1
Project("{FAE04EC0-301F-11D3-BF4B-00C04F79EFBC}") = "MAUIPinView", "MAUIPinView.csproj", "{47096932-525E-459F-AE6B-07920B65412A}"
EndProject
Global
	GlobalSection(SolutionConfigurationPlatforms) = preSolution
		Debug|Any CPU = Debug|Any CPU
		Release|Any CPU = Release|Any CPU
	EndGlobalSection
	GlobalSection(ProjectConfigurationPlatforms) = postSolution
		{47096932-525E-459F-AE6B-07920B65412A}.Debug|Any CPU.ActiveCfg = Debug|Any CPU
		{47096932-525E-459F-AE6B-07920B65412A}.Debug|Any CPU.Build.0 = Debug|Any CPU
		{47096932-525E-459F-AE6B-07920B65412A}.Release|Any CPU.ActiveCfg = Release|Any CPU
		{47096932-525E-459F-AE6B-07920B65412A}.Release|Any CPU.Build.0 = Release|Any CPU
	EndGlobalSection
	GlobalSection(SolutionProperties) = preSolution
		HideSolutionNode = FALSE
	EndGlobalSection
	GlobalSection(ExtensibilityGlobals) = postSolution
		SolutionGuid = {BF4577EC-78D1-4E65-969D-9D59241B19BE}
	EndGlobalSection
EndGlobal
